<?xml version="1.0" encoding="UTF-8"?>
<!DOCTYPE plist PUBLIC "-//Apple//DTD PLIST 1.0//EN" "http://www.apple.com/DTDs/PropertyList-1.0.dtd">
<plist version="1.0">
<dict>
	<key>archiveVersion</key>
	<string>1</string>
	<key>classes</key>
	<dict/>
	<key>objectVersion</key>
	<string>46</string>
	<key>objects</key>
	<dict>
		<key>036A6A3C4EFA4E5FAB178ABC</key>
		<dict>
			<key>includeInIndex</key>
			<string>1</string>
			<key>isa</key>
			<string>PBXFileReference</string>
			<key>lastKnownFileType</key>
			<string>text.xcconfig</string>
			<key>name</key>
			<string>Pods-InstaCollage.xcconfig</string>
			<key>path</key>
			<string>Pods/Pods-InstaCollage.xcconfig</string>
			<key>sourceTree</key>
			<string>&lt;group&gt;</string>
		</dict>
		<key>0A79C2B3769747B6B546F821</key>
		<dict>
			<key>explicitFileType</key>
			<string>archive.ar</string>
			<key>includeInIndex</key>
			<string>0</string>
			<key>isa</key>
			<string>PBXFileReference</string>
			<key>path</key>
			<string>libPods-InstaCollageTests.a</string>
			<key>sourceTree</key>
			<string>BUILT_PRODUCTS_DIR</string>
		</dict>
		<key>1CC67DB5F5DE489C935DE1F2</key>
		<dict>
			<key>buildActionMask</key>
			<string>2147483647</string>
			<key>files</key>
			<array/>
			<key>inputPaths</key>
			<array/>
			<key>isa</key>
			<string>PBXShellScriptBuildPhase</string>
			<key>name</key>
			<string>Check Pods Manifest.lock</string>
			<key>outputPaths</key>
			<array/>
			<key>runOnlyForDeploymentPostprocessing</key>
			<string>0</string>
			<key>shellPath</key>
			<string>/bin/sh</string>
			<key>shellScript</key>
			<string>diff "${PODS_ROOT}/../Podfile.lock" "${PODS_ROOT}/Manifest.lock" &gt; /dev/null
if [[ $? != 0 ]] ; then
    cat &lt;&lt; EOM
error: The sandbox is not in sync with the Podfile.lock. Run 'pod install' or update your CocoaPods installation.
EOM
    exit 1
fi
</string>
			<key>showEnvVarsInLog</key>
			<string>0</string>
		</dict>
		<key>45BEEBB8E4B54925B20F0F52</key>
		<dict>
			<key>fileRef</key>
			<string>0A79C2B3769747B6B546F821</string>
			<key>isa</key>
			<string>PBXBuildFile</string>
		</dict>
		<key>5A5D7FAA98984425B48AE7B8</key>
		<dict>
			<key>fileRef</key>
			<string>F7F315299C9B44A6AD86B999</string>
			<key>isa</key>
			<string>PBXBuildFile</string>
		</dict>
		<key>7B944CB8DBAA4B299DABE2DF</key>
		<dict>
			<key>buildActionMask</key>
			<string>2147483647</string>
			<key>files</key>
			<array/>
			<key>inputPaths</key>
			<array/>
			<key>isa</key>
			<string>PBXShellScriptBuildPhase</string>
			<key>name</key>
			<string>Copy Pods Resources</string>
			<key>outputPaths</key>
			<array/>
			<key>runOnlyForDeploymentPostprocessing</key>
			<string>0</string>
			<key>shellPath</key>
			<string>/bin/sh</string>
			<key>shellScript</key>
			<string>"${SRCROOT}/Pods/Pods-InstaCollage-resources.sh"
</string>
			<key>showEnvVarsInLog</key>
			<string>0</string>
		</dict>
		<key>811DA024FD0D4433A56DD548</key>
		<dict>
			<key>buildActionMask</key>
			<string>2147483647</string>
			<key>files</key>
			<array/>
			<key>inputPaths</key>
			<array/>
			<key>isa</key>
			<string>PBXShellScriptBuildPhase</string>
			<key>name</key>
			<string>Check Pods Manifest.lock</string>
			<key>outputPaths</key>
			<array/>
			<key>runOnlyForDeploymentPostprocessing</key>
			<string>0</string>
			<key>shellPath</key>
			<string>/bin/sh</string>
			<key>shellScript</key>
			<string>diff "${PODS_ROOT}/../Podfile.lock" "${PODS_ROOT}/Manifest.lock" &gt; /dev/null
if [[ $? != 0 ]] ; then
    cat &lt;&lt; EOM
error: The sandbox is not in sync with the Podfile.lock. Run 'pod install' or update your CocoaPods installation.
EOM
    exit 1
fi
</string>
			<key>showEnvVarsInLog</key>
			<string>0</string>
		</dict>
		<key>97466FA91B7C4036A51ABEFE</key>
		<dict>
			<key>buildActionMask</key>
			<string>2147483647</string>
			<key>files</key>
			<array/>
			<key>inputPaths</key>
			<array/>
			<key>isa</key>
			<string>PBXShellScriptBuildPhase</string>
			<key>name</key>
			<string>Copy Pods Resources</string>
			<key>outputPaths</key>
			<array/>
			<key>runOnlyForDeploymentPostprocessing</key>
			<string>0</string>
			<key>shellPath</key>
			<string>/bin/sh</string>
			<key>shellScript</key>
			<string>"${SRCROOT}/Pods/Pods-InstaCollageTests-resources.sh"
</string>
			<key>showEnvVarsInLog</key>
			<string>0</string>
		</dict>
		<key>CC797E450FF14C529B8CC141</key>
		<dict>
			<key>includeInIndex</key>
			<string>1</string>
			<key>isa</key>
			<string>PBXFileReference</string>
			<key>lastKnownFileType</key>
			<string>text.xcconfig</string>
			<key>name</key>
			<string>Pods-InstaCollageTests.xcconfig</string>
			<key>path</key>
			<string>Pods/Pods-InstaCollageTests.xcconfig</string>
			<key>sourceTree</key>
			<string>&lt;group&gt;</string>
		</dict>
		<key>F7F315299C9B44A6AD86B999</key>
		<dict>
			<key>explicitFileType</key>
			<string>archive.ar</string>
			<key>includeInIndex</key>
			<string>0</string>
			<key>isa</key>
			<string>PBXFileReference</string>
			<key>path</key>
			<string>libPods-InstaCollage.a</string>
			<key>sourceTree</key>
			<string>BUILT_PRODUCTS_DIR</string>
		</dict>
		<key>FF5555B419BBCBFC001DB3F9</key>
		<dict>
			<key>fileEncoding</key>
			<string>4</string>
			<key>isa</key>
			<string>PBXFileReference</string>
			<key>lastKnownFileType</key>
			<string>text.plist.xml</string>
			<key>path</key>
			<string>InstagramInfo.plist</string>
			<key>sourceTree</key>
			<string>&lt;group&gt;</string>
		</dict>
		<key>FF5555B519BBCBFC001DB3F9</key>
		<dict>
			<key>fileRef</key>
			<string>FF5555B419BBCBFC001DB3F9</string>
			<key>isa</key>
			<string>PBXBuildFile</string>
		</dict>
		<key>FF5555B619BBCF76001DB3F9</key>
		<dict>
			<key>fileEncoding</key>
			<string>4</string>
			<key>isa</key>
			<string>PBXFileReference</string>
			<key>lastKnownFileType</key>
			<string>sourcecode.c.h</string>
			<key>path</key>
			<string>KMInstagramModel.h</string>
			<key>sourceTree</key>
			<string>&lt;group&gt;</string>
		</dict>
		<key>FF5555B719BBCF76001DB3F9</key>
		<dict>
			<key>fileEncoding</key>
			<string>4</string>
			<key>isa</key>
			<string>PBXFileReference</string>
			<key>lastKnownFileType</key>
			<string>sourcecode.c.objc</string>
			<key>path</key>
			<string>KMInstagramModel.m</string>
			<key>sourceTree</key>
			<string>&lt;group&gt;</string>
		</dict>
		<key>FF5555B819BBCF76001DB3F9</key>
		<dict>
			<key>fileRef</key>
			<string>FF5555B719BBCF76001DB3F9</string>
			<key>isa</key>
			<string>PBXBuildFile</string>
		</dict>
		<key>FF5555B919BBD259001DB3F9</key>
		<dict>
			<key>fileEncoding</key>
			<string>4</string>
			<key>isa</key>
			<string>PBXFileReference</string>
			<key>lastKnownFileType</key>
			<string>sourcecode.c.h</string>
			<key>path</key>
			<string>KMInstagramPaginationInfo.h</string>
			<key>sourceTree</key>
			<string>&lt;group&gt;</string>
		</dict>
		<key>FF5555BA19BBD25A001DB3F9</key>
		<dict>
			<key>fileEncoding</key>
			<string>4</string>
			<key>isa</key>
			<string>PBXFileReference</string>
			<key>lastKnownFileType</key>
			<string>sourcecode.c.objc</string>
			<key>path</key>
			<string>KMInstagramPaginationInfo.m</string>
			<key>sourceTree</key>
			<string>&lt;group&gt;</string>
		</dict>
		<key>FF5555BB19BBD25A001DB3F9</key>
		<dict>
			<key>fileRef</key>
			<string>FF5555BA19BBD25A001DB3F9</string>
			<key>isa</key>
			<string>PBXBuildFile</string>
		</dict>
		<key>FF5555BC19BBE46D001DB3F9</key>
		<dict>
			<key>fileEncoding</key>
			<string>4</string>
			<key>isa</key>
			<string>PBXFileReference</string>
			<key>lastKnownFileType</key>
			<string>sourcecode.c.h</string>
			<key>path</key>
			<string>KMInstagramMedia.h</string>
			<key>sourceTree</key>
			<string>&lt;group&gt;</string>
		</dict>
		<key>FF5555BD19BBE46D001DB3F9</key>
		<dict>
			<key>fileEncoding</key>
			<string>4</string>
			<key>isa</key>
			<string>PBXFileReference</string>
			<key>lastKnownFileType</key>
			<string>sourcecode.c.objc</string>
			<key>path</key>
			<string>KMInstagramMedia.m</string>
			<key>sourceTree</key>
			<string>&lt;group&gt;</string>
		</dict>
		<key>FF5555BE19BBE46D001DB3F9</key>
		<dict>
			<key>fileRef</key>
			<string>FF5555BD19BBE46D001DB3F9</string>
			<key>isa</key>
			<string>PBXBuildFile</string>
		</dict>
		<key>FF5555BF19BBE9EA001DB3F9</key>
		<dict>
			<key>fileEncoding</key>
			<string>4</string>
			<key>isa</key>
			<string>PBXFileReference</string>
			<key>lastKnownFileType</key>
			<string>sourcecode.c.h</string>
			<key>path</key>
			<string>KMInstagramComment.h</string>
			<key>sourceTree</key>
			<string>&lt;group&gt;</string>
		</dict>
		<key>FF5555C019BBE9EA001DB3F9</key>
		<dict>
			<key>fileEncoding</key>
			<string>4</string>
			<key>isa</key>
			<string>PBXFileReference</string>
			<key>lastKnownFileType</key>
			<string>sourcecode.c.objc</string>
			<key>path</key>
			<string>KMInstagramComment.m</string>
			<key>sourceTree</key>
			<string>&lt;group&gt;</string>
		</dict>
		<key>FF5555C119BBE9EA001DB3F9</key>
		<dict>
			<key>fileRef</key>
			<string>FF5555C019BBE9EA001DB3F9</string>
			<key>isa</key>
			<string>PBXBuildFile</string>
		</dict>
		<key>FF5555C219BBEAE5001DB3F9</key>
		<dict>
			<key>fileEncoding</key>
			<string>4</string>
			<key>isa</key>
			<string>PBXFileReference</string>
			<key>lastKnownFileType</key>
			<string>sourcecode.c.h</string>
			<key>path</key>
			<string>KMInstagramUser.h</string>
			<key>sourceTree</key>
			<string>&lt;group&gt;</string>
		</dict>
		<key>FF5555C319BBEAE5001DB3F9</key>
		<dict>
			<key>fileEncoding</key>
			<string>4</string>
			<key>isa</key>
			<string>PBXFileReference</string>
			<key>lastKnownFileType</key>
			<string>sourcecode.c.objc</string>
			<key>path</key>
			<string>KMInstagramUser.m</string>
			<key>sourceTree</key>
			<string>&lt;group&gt;</string>
		</dict>
		<key>FF5555C419BBEAE5001DB3F9</key>
		<dict>
			<key>fileRef</key>
			<string>FF5555C319BBEAE5001DB3F9</string>
			<key>isa</key>
			<string>PBXBuildFile</string>
		</dict>
		<key>FF5555C519BBF6EE001DB3F9</key>
		<dict>
			<key>fileEncoding</key>
			<string>4</string>
			<key>isa</key>
			<string>PBXFileReference</string>
			<key>lastKnownFileType</key>
			<string>sourcecode.c.h</string>
			<key>path</key>
			<string>KMInstagramUserInPhoto.h</string>
			<key>sourceTree</key>
			<string>&lt;group&gt;</string>
		</dict>
		<key>FF5555C619BBF6EE001DB3F9</key>
		<dict>
			<key>fileEncoding</key>
			<string>4</string>
			<key>isa</key>
			<string>PBXFileReference</string>
			<key>lastKnownFileType</key>
			<string>sourcecode.c.objc</string>
			<key>path</key>
			<string>KMInstagramUserInPhoto.m</string>
			<key>sourceTree</key>
			<string>&lt;group&gt;</string>
		</dict>
		<key>FF5555C719BBF6EE001DB3F9</key>
		<dict>
			<key>fileRef</key>
			<string>FF5555C619BBF6EE001DB3F9</string>
			<key>isa</key>
			<string>PBXBuildFile</string>
		</dict>
		<key>FF5555C819BBF8E3001DB3F9</key>
		<dict>
			<key>fileEncoding</key>
			<string>4</string>
			<key>isa</key>
			<string>PBXFileReference</string>
			<key>lastKnownFileType</key>
			<string>sourcecode.c.h</string>
			<key>path</key>
			<string>KMInstagramTag.h</string>
			<key>sourceTree</key>
			<string>&lt;group&gt;</string>
		</dict>
		<key>FF5555C919BBF8E3001DB3F9</key>
		<dict>
			<key>fileEncoding</key>
			<string>4</string>
			<key>isa</key>
			<string>PBXFileReference</string>
			<key>lastKnownFileType</key>
			<string>sourcecode.c.objc</string>
			<key>path</key>
			<string>KMInstagramTag.m</string>
			<key>sourceTree</key>
			<string>&lt;group&gt;</string>
		</dict>
		<key>FF5555CA19BBF8E3001DB3F9</key>
		<dict>
			<key>fileRef</key>
			<string>FF5555C919BBF8E3001DB3F9</string>
			<key>isa</key>
			<string>PBXBuildFile</string>
		</dict>
		<key>FF74FCE719B9EBD9004C5CAC</key>
		<dict>
			<key>children</key>
			<array>
				<string>FFD2A14219BA2BE600585C15</string>
				<string>FF74FCF919B9EBD9004C5CAC</string>
				<string>FF74FD1819B9EBD9004C5CAC</string>
				<string>FF74FCF219B9EBD9004C5CAC</string>
				<string>FF74FCF119B9EBD9004C5CAC</string>
				<string>036A6A3C4EFA4E5FAB178ABC</string>
				<string>CC797E450FF14C529B8CC141</string>
			</array>
			<key>isa</key>
			<string>PBXGroup</string>
			<key>sourceTree</key>
			<string>&lt;group&gt;</string>
		</dict>
		<key>FF74FCE819B9EBD9004C5CAC</key>
		<dict>
			<key>attributes</key>
			<dict>
				<key>CLASSPREFIX</key>
				<string>KM</string>
				<key>LastUpgradeCheck</key>
				<string>0510</string>
				<key>ORGANIZATIONNAME</key>
				<string>&#1055;&#1077;&#1090;&#1088;&#1086;&#1074; &#1044;&#1084;&#1080;&#1090;&#1088;&#1080;&#1081;</string>
				<key>TargetAttributes</key>
				<dict>
					<key>FF74FD1019B9EBD9004C5CAC</key>
					<dict>
						<key>TestTargetID</key>
						<string>FF74FCEF19B9EBD9004C5CAC</string>
					</dict>
				</dict>
			</dict>
			<key>buildConfigurationList</key>
			<string>FF74FCEB19B9EBD9004C5CAC</string>
			<key>compatibilityVersion</key>
			<string>Xcode 3.2</string>
			<key>developmentRegion</key>
			<string>English</string>
			<key>hasScannedForEncodings</key>
			<string>0</string>
			<key>isa</key>
			<string>PBXProject</string>
			<key>knownRegions</key>
			<array>
				<string>en</string>
				<string>Base</string>
			</array>
			<key>mainGroup</key>
			<string>FF74FCE719B9EBD9004C5CAC</string>
			<key>productRefGroup</key>
			<string>FF74FCF119B9EBD9004C5CAC</string>
			<key>projectDirPath</key>
			<string></string>
			<key>projectReferences</key>
			<array/>
			<key>projectRoot</key>
			<string></string>
			<key>targets</key>
			<array>
				<string>FF74FCEF19B9EBD9004C5CAC</string>
				<string>FF74FD1019B9EBD9004C5CAC</string>
			</array>
		</dict>
		<key>FF74FCEB19B9EBD9004C5CAC</key>
		<dict>
			<key>buildConfigurations</key>
			<array>
				<string>FF74FD2019B9EBD9004C5CAC</string>
				<string>FF74FD2119B9EBD9004C5CAC</string>
			</array>
			<key>defaultConfigurationIsVisible</key>
			<string>0</string>
			<key>defaultConfigurationName</key>
			<string>Release</string>
			<key>isa</key>
			<string>XCConfigurationList</string>
		</dict>
		<key>FF74FCEC19B9EBD9004C5CAC</key>
		<dict>
			<key>buildActionMask</key>
			<string>2147483647</string>
			<key>files</key>
			<array>
				<string>FFD2A13C19BA1ACF00585C15</string>
				<string>FF5555C719BBF6EE001DB3F9</string>
				<string>FFA6110619B9F34E0082C296</string>
				<string>FF5555CA19BBF8E3001DB3F9</string>
				<string>FF74FD0A19B9EBD9004C5CAC</string>
				<string>FFD2A13819BA066200585C15</string>
				<string>FF5555C419BBEAE5001DB3F9</string>
				<string>FF5555C119BBE9EA001DB3F9</string>
				<string>FF5555BB19BBD25A001DB3F9</string>
				<string>FF74FD0419B9EBD9004C5CAC</string>
				<string>FFD2A14619BA3E7500585C15</string>
				<string>FFA6110219B9F1DC0082C296</string>
				<string>FF5555BE19BBE46D001DB3F9</string>
				<string>FF5555B819BBCF76001DB3F9</string>
				<string>FF74FD0019B9EBD9004C5CAC</string>
			</array>
			<key>isa</key>
			<string>PBXSourcesBuildPhase</string>
			<key>runOnlyForDeploymentPostprocessing</key>
			<string>0</string>
		</dict>
		<key>FF74FCED19B9EBD9004C5CAC</key>
		<dict>
			<key>buildActionMask</key>
			<string>2147483647</string>
			<key>files</key>
			<array>
				<string>FF74FCF619B9EBD9004C5CAC</string>
				<string>FF74FCF819B9EBD9004C5CAC</string>
				<string>FF74FCF419B9EBD9004C5CAC</string>
				<string>5A5D7FAA98984425B48AE7B8</string>
			</array>
			<key>isa</key>
			<string>PBXFrameworksBuildPhase</string>
			<key>runOnlyForDeploymentPostprocessing</key>
			<string>0</string>
		</dict>
		<key>FF74FCEE19B9EBD9004C5CAC</key>
		<dict>
			<key>buildActionMask</key>
			<string>2147483647</string>
			<key>files</key>
			<array>
				<string>FF74FD0C19B9EBD9004C5CAC</string>
				<string>FF5555B519BBCBFC001DB3F9</string>
				<string>FF74FCFE19B9EBD9004C5CAC</string>
				<string>FF74FD0719B9EBD9004C5CAC</string>
				<string>FFD2A14319BA2BE600585C15</string>
			</array>
			<key>isa</key>
			<string>PBXResourcesBuildPhase</string>
			<key>runOnlyForDeploymentPostprocessing</key>
			<string>0</string>
		</dict>
		<key>FF74FCEF19B9EBD9004C5CAC</key>
		<dict>
			<key>buildConfigurationList</key>
			<string>FF74FD2219B9EBD9004C5CAC</string>
			<key>buildPhases</key>
			<array>
				<string>811DA024FD0D4433A56DD548</string>
				<string>FF74FCEC19B9EBD9004C5CAC</string>
				<string>FF74FCED19B9EBD9004C5CAC</string>
				<string>FF74FCEE19B9EBD9004C5CAC</string>
				<string>7B944CB8DBAA4B299DABE2DF</string>
			</array>
			<key>buildRules</key>
			<array/>
			<key>dependencies</key>
			<array/>
			<key>isa</key>
			<string>PBXNativeTarget</string>
			<key>name</key>
			<string>InstaCollage</string>
			<key>productName</key>
			<string>InstaCollage</string>
			<key>productReference</key>
			<string>FF74FCF019B9EBD9004C5CAC</string>
			<key>productType</key>
			<string>com.apple.product-type.application</string>
		</dict>
		<key>FF74FCF019B9EBD9004C5CAC</key>
		<dict>
			<key>explicitFileType</key>
			<string>wrapper.application</string>
			<key>includeInIndex</key>
			<string>0</string>
			<key>isa</key>
			<string>PBXFileReference</string>
			<key>path</key>
			<string>InstaCollage.app</string>
			<key>sourceTree</key>
			<string>BUILT_PRODUCTS_DIR</string>
		</dict>
		<key>FF74FCF119B9EBD9004C5CAC</key>
		<dict>
			<key>children</key>
			<array>
				<string>FF74FCF019B9EBD9004C5CAC</string>
				<string>FF74FD1119B9EBD9004C5CAC</string>
			</array>
			<key>isa</key>
			<string>PBXGroup</string>
			<key>name</key>
			<string>Products</string>
			<key>sourceTree</key>
			<string>&lt;group&gt;</string>
		</dict>
		<key>FF74FCF219B9EBD9004C5CAC</key>
		<dict>
			<key>children</key>
			<array>
				<string>FF74FCF319B9EBD9004C5CAC</string>
				<string>FF74FCF519B9EBD9004C5CAC</string>
				<string>FF74FCF719B9EBD9004C5CAC</string>
				<string>FF74FD1219B9EBD9004C5CAC</string>
				<string>F7F315299C9B44A6AD86B999</string>
				<string>0A79C2B3769747B6B546F821</string>
			</array>
			<key>isa</key>
			<string>PBXGroup</string>
			<key>name</key>
			<string>Frameworks</string>
			<key>sourceTree</key>
			<string>&lt;group&gt;</string>
		</dict>
		<key>FF74FCF319B9EBD9004C5CAC</key>
		<dict>
			<key>isa</key>
			<string>PBXFileReference</string>
			<key>lastKnownFileType</key>
			<string>wrapper.framework</string>
			<key>name</key>
			<string>Foundation.framework</string>
			<key>path</key>
			<string>System/Library/Frameworks/Foundation.framework</string>
			<key>sourceTree</key>
			<string>SDKROOT</string>
		</dict>
		<key>FF74FCF419B9EBD9004C5CAC</key>
		<dict>
			<key>fileRef</key>
			<string>FF74FCF319B9EBD9004C5CAC</string>
			<key>isa</key>
			<string>PBXBuildFile</string>
		</dict>
		<key>FF74FCF519B9EBD9004C5CAC</key>
		<dict>
			<key>isa</key>
			<string>PBXFileReference</string>
			<key>lastKnownFileType</key>
			<string>wrapper.framework</string>
			<key>name</key>
			<string>CoreGraphics.framework</string>
			<key>path</key>
			<string>System/Library/Frameworks/CoreGraphics.framework</string>
			<key>sourceTree</key>
			<string>SDKROOT</string>
		</dict>
		<key>FF74FCF619B9EBD9004C5CAC</key>
		<dict>
			<key>fileRef</key>
			<string>FF74FCF519B9EBD9004C5CAC</string>
			<key>isa</key>
			<string>PBXBuildFile</string>
		</dict>
		<key>FF74FCF719B9EBD9004C5CAC</key>
		<dict>
			<key>isa</key>
			<string>PBXFileReference</string>
			<key>lastKnownFileType</key>
			<string>wrapper.framework</string>
			<key>name</key>
			<string>UIKit.framework</string>
			<key>path</key>
			<string>System/Library/Frameworks/UIKit.framework</string>
			<key>sourceTree</key>
			<string>SDKROOT</string>
		</dict>
		<key>FF74FCF819B9EBD9004C5CAC</key>
		<dict>
			<key>fileRef</key>
			<string>FF74FCF719B9EBD9004C5CAC</string>
			<key>isa</key>
			<string>PBXBuildFile</string>
		</dict>
		<key>FF74FCF919B9EBD9004C5CAC</key>
		<dict>
			<key>children</key>
			<array>
				<string>FF5555B419BBCBFC001DB3F9</string>
				<string>FF74FD0319B9EBD9004C5CAC</string>
				<string>FF74FD0219B9EBD9004C5CAC</string>
				<string>FFD2A13D19BA1AD200585C15</string>
				<string>FFA6110319B9F31D0082C296</string>
				<string>FFA610FF19B9F1BD0082C296</string>
				<string>FFD2A13919BA081B00585C15</string>
				<string>FF74FD0B19B9EBD9004C5CAC</string>
				<string>FF74FCFA19B9EBD9004C5CAC</string>
			</array>
			<key>isa</key>
			<string>PBXGroup</string>
			<key>path</key>
			<string>InstaCollage</string>
			<key>sourceTree</key>
			<string>&lt;group&gt;</string>
		</dict>
		<key>FF74FCFA19B9EBD9004C5CAC</key>
		<dict>
			<key>children</key>
			<array>
				<string>FF74FCFB19B9EBD9004C5CAC</string>
				<string>FF74FCFC19B9EBD9004C5CAC</string>
				<string>FF74FCFF19B9EBD9004C5CAC</string>
				<string>FF74FD0119B9EBD9004C5CAC</string>
			</array>
			<key>isa</key>
			<string>PBXGroup</string>
			<key>name</key>
			<string>Supporting Files</string>
			<key>sourceTree</key>
			<string>&lt;group&gt;</string>
		</dict>
		<key>FF74FCFB19B9EBD9004C5CAC</key>
		<dict>
			<key>isa</key>
			<string>PBXFileReference</string>
			<key>lastKnownFileType</key>
			<string>text.plist.xml</string>
			<key>path</key>
			<string>InstaCollage-Info.plist</string>
			<key>sourceTree</key>
			<string>&lt;group&gt;</string>
		</dict>
		<key>FF74FCFC19B9EBD9004C5CAC</key>
		<dict>
			<key>children</key>
			<array>
				<string>FF74FCFD19B9EBD9004C5CAC</string>
			</array>
			<key>isa</key>
			<string>PBXVariantGroup</string>
			<key>name</key>
			<string>InfoPlist.strings</string>
			<key>sourceTree</key>
			<string>&lt;group&gt;</string>
		</dict>
		<key>FF74FCFD19B9EBD9004C5CAC</key>
		<dict>
			<key>isa</key>
			<string>PBXFileReference</string>
			<key>lastKnownFileType</key>
			<string>text.plist.strings</string>
			<key>name</key>
			<string>en</string>
			<key>path</key>
			<string>en.lproj/InfoPlist.strings</string>
			<key>sourceTree</key>
			<string>&lt;group&gt;</string>
		</dict>
		<key>FF74FCFE19B9EBD9004C5CAC</key>
		<dict>
			<key>fileRef</key>
			<string>FF74FCFC19B9EBD9004C5CAC</string>
			<key>isa</key>
			<string>PBXBuildFile</string>
		</dict>
		<key>FF74FCFF19B9EBD9004C5CAC</key>
		<dict>
			<key>isa</key>
			<string>PBXFileReference</string>
			<key>lastKnownFileType</key>
			<string>sourcecode.c.objc</string>
			<key>path</key>
			<string>main.m</string>
			<key>sourceTree</key>
			<string>&lt;group&gt;</string>
		</dict>
		<key>FF74FD0019B9EBD9004C5CAC</key>
		<dict>
			<key>fileRef</key>
			<string>FF74FCFF19B9EBD9004C5CAC</string>
			<key>isa</key>
			<string>PBXBuildFile</string>
		</dict>
		<key>FF74FD0119B9EBD9004C5CAC</key>
		<dict>
			<key>isa</key>
			<string>PBXFileReference</string>
			<key>lastKnownFileType</key>
			<string>sourcecode.c.h</string>
			<key>path</key>
			<string>InstaCollage-Prefix.pch</string>
			<key>sourceTree</key>
			<string>&lt;group&gt;</string>
		</dict>
		<key>FF74FD0219B9EBD9004C5CAC</key>
		<dict>
			<key>isa</key>
			<string>PBXFileReference</string>
			<key>lastKnownFileType</key>
			<string>sourcecode.c.h</string>
			<key>path</key>
			<string>KMAppDelegate.h</string>
			<key>sourceTree</key>
			<string>&lt;group&gt;</string>
		</dict>
		<key>FF74FD0319B9EBD9004C5CAC</key>
		<dict>
			<key>isa</key>
			<string>PBXFileReference</string>
			<key>lastKnownFileType</key>
			<string>sourcecode.c.objc</string>
			<key>path</key>
			<string>KMAppDelegate.m</string>
			<key>sourceTree</key>
			<string>&lt;group&gt;</string>
		</dict>
		<key>FF74FD0419B9EBD9004C5CAC</key>
		<dict>
			<key>fileRef</key>
			<string>FF74FD0319B9EBD9004C5CAC</string>
			<key>isa</key>
			<string>PBXBuildFile</string>
		</dict>
		<key>FF74FD0519B9EBD9004C5CAC</key>
		<dict>
			<key>children</key>
			<array>
				<string>FF74FD0619B9EBD9004C5CAC</string>
			</array>
			<key>isa</key>
			<string>PBXVariantGroup</string>
			<key>name</key>
			<string>Main.storyboard</string>
			<key>sourceTree</key>
			<string>&lt;group&gt;</string>
		</dict>
		<key>FF74FD0619B9EBD9004C5CAC</key>
		<dict>
			<key>isa</key>
			<string>PBXFileReference</string>
			<key>lastKnownFileType</key>
			<string>file.storyboard</string>
			<key>name</key>
			<string>Base</string>
			<key>path</key>
			<string>Base.lproj/Main.storyboard</string>
			<key>sourceTree</key>
			<string>&lt;group&gt;</string>
		</dict>
		<key>FF74FD0719B9EBD9004C5CAC</key>
		<dict>
			<key>fileRef</key>
			<string>FF74FD0519B9EBD9004C5CAC</string>
			<key>isa</key>
			<string>PBXBuildFile</string>
		</dict>
		<key>FF74FD0819B9EBD9004C5CAC</key>
		<dict>
			<key>isa</key>
			<string>PBXFileReference</string>
			<key>lastKnownFileType</key>
			<string>sourcecode.c.h</string>
			<key>path</key>
			<string>KMViewController.h</string>
			<key>sourceTree</key>
			<string>&lt;group&gt;</string>
		</dict>
		<key>FF74FD0919B9EBD9004C5CAC</key>
		<dict>
			<key>isa</key>
			<string>PBXFileReference</string>
			<key>lastKnownFileType</key>
			<string>sourcecode.c.objc</string>
			<key>path</key>
			<string>KMViewController.m</string>
			<key>sourceTree</key>
			<string>&lt;group&gt;</string>
		</dict>
		<key>FF74FD0A19B9EBD9004C5CAC</key>
		<dict>
			<key>fileRef</key>
			<string>FF74FD0919B9EBD9004C5CAC</string>
			<key>isa</key>
			<string>PBXBuildFile</string>
		</dict>
		<key>FF74FD0B19B9EBD9004C5CAC</key>
		<dict>
			<key>isa</key>
			<string>PBXFileReference</string>
			<key>lastKnownFileType</key>
			<string>folder.assetcatalog</string>
			<key>path</key>
			<string>Images.xcassets</string>
			<key>sourceTree</key>
			<string>&lt;group&gt;</string>
		</dict>
		<key>FF74FD0C19B9EBD9004C5CAC</key>
		<dict>
			<key>fileRef</key>
			<string>FF74FD0B19B9EBD9004C5CAC</string>
			<key>isa</key>
			<string>PBXBuildFile</string>
		</dict>
		<key>FF74FD0D19B9EBD9004C5CAC</key>
		<dict>
			<key>buildActionMask</key>
			<string>2147483647</string>
			<key>files</key>
			<array>
				<string>FF74FD1F19B9EBD9004C5CAC</string>
			</array>
			<key>isa</key>
			<string>PBXSourcesBuildPhase</string>
			<key>runOnlyForDeploymentPostprocessing</key>
			<string>0</string>
		</dict>
		<key>FF74FD0E19B9EBD9004C5CAC</key>
		<dict>
			<key>buildActionMask</key>
			<string>2147483647</string>
			<key>files</key>
			<array>
				<string>FF74FD1319B9EBD9004C5CAC</string>
				<string>FF74FD1519B9EBD9004C5CAC</string>
				<string>FF74FD1419B9EBD9004C5CAC</string>
				<string>45BEEBB8E4B54925B20F0F52</string>
			</array>
			<key>isa</key>
			<string>PBXFrameworksBuildPhase</string>
			<key>runOnlyForDeploymentPostprocessing</key>
			<string>0</string>
		</dict>
		<key>FF74FD0F19B9EBD9004C5CAC</key>
		<dict>
			<key>buildActionMask</key>
			<string>2147483647</string>
			<key>files</key>
			<array>
				<string>FF74FD1D19B9EBD9004C5CAC</string>
			</array>
			<key>isa</key>
			<string>PBXResourcesBuildPhase</string>
			<key>runOnlyForDeploymentPostprocessing</key>
			<string>0</string>
		</dict>
		<key>FF74FD1019B9EBD9004C5CAC</key>
		<dict>
			<key>buildConfigurationList</key>
			<string>FF74FD2519B9EBD9004C5CAC</string>
			<key>buildPhases</key>
			<array>
				<string>1CC67DB5F5DE489C935DE1F2</string>
				<string>FF74FD0D19B9EBD9004C5CAC</string>
				<string>FF74FD0E19B9EBD9004C5CAC</string>
				<string>FF74FD0F19B9EBD9004C5CAC</string>
				<string>97466FA91B7C4036A51ABEFE</string>
			</array>
			<key>buildRules</key>
			<array/>
			<key>dependencies</key>
			<array>
				<string>FF74FD1719B9EBD9004C5CAC</string>
			</array>
			<key>isa</key>
			<string>PBXNativeTarget</string>
			<key>name</key>
			<string>InstaCollageTests</string>
			<key>productName</key>
			<string>InstaCollageTests</string>
			<key>productReference</key>
			<string>FF74FD1119B9EBD9004C5CAC</string>
			<key>productType</key>
			<string>com.apple.product-type.bundle.unit-test</string>
		</dict>
		<key>FF74FD1119B9EBD9004C5CAC</key>
		<dict>
			<key>explicitFileType</key>
			<string>wrapper.cfbundle</string>
			<key>includeInIndex</key>
			<string>0</string>
			<key>isa</key>
			<string>PBXFileReference</string>
			<key>path</key>
			<string>InstaCollageTests.xctest</string>
			<key>sourceTree</key>
			<string>BUILT_PRODUCTS_DIR</string>
		</dict>
		<key>FF74FD1219B9EBD9004C5CAC</key>
		<dict>
			<key>isa</key>
			<string>PBXFileReference</string>
			<key>lastKnownFileType</key>
			<string>wrapper.framework</string>
			<key>name</key>
			<string>XCTest.framework</string>
			<key>path</key>
			<string>Library/Frameworks/XCTest.framework</string>
			<key>sourceTree</key>
			<string>DEVELOPER_DIR</string>
		</dict>
		<key>FF74FD1319B9EBD9004C5CAC</key>
		<dict>
			<key>fileRef</key>
			<string>FF74FD1219B9EBD9004C5CAC</string>
			<key>isa</key>
			<string>PBXBuildFile</string>
		</dict>
		<key>FF74FD1419B9EBD9004C5CAC</key>
		<dict>
			<key>fileRef</key>
			<string>FF74FCF319B9EBD9004C5CAC</string>
			<key>isa</key>
			<string>PBXBuildFile</string>
		</dict>
		<key>FF74FD1519B9EBD9004C5CAC</key>
		<dict>
			<key>fileRef</key>
			<string>FF74FCF719B9EBD9004C5CAC</string>
			<key>isa</key>
			<string>PBXBuildFile</string>
		</dict>
		<key>FF74FD1619B9EBD9004C5CAC</key>
		<dict>
			<key>containerPortal</key>
			<string>FF74FCE819B9EBD9004C5CAC</string>
			<key>isa</key>
			<string>PBXContainerItemProxy</string>
			<key>proxyType</key>
			<string>1</string>
			<key>remoteGlobalIDString</key>
			<string>FF74FCEF19B9EBD9004C5CAC</string>
			<key>remoteInfo</key>
			<string>InstaCollage</string>
		</dict>
		<key>FF74FD1719B9EBD9004C5CAC</key>
		<dict>
			<key>isa</key>
			<string>PBXTargetDependency</string>
			<key>target</key>
			<string>FF74FCEF19B9EBD9004C5CAC</string>
			<key>targetProxy</key>
			<string>FF74FD1619B9EBD9004C5CAC</string>
		</dict>
		<key>FF74FD1819B9EBD9004C5CAC</key>
		<dict>
			<key>children</key>
			<array>
				<string>FF74FD1E19B9EBD9004C5CAC</string>
				<string>FF74FD1919B9EBD9004C5CAC</string>
			</array>
			<key>isa</key>
			<string>PBXGroup</string>
			<key>path</key>
			<string>InstaCollageTests</string>
			<key>sourceTree</key>
			<string>&lt;group&gt;</string>
		</dict>
		<key>FF74FD1919B9EBD9004C5CAC</key>
		<dict>
			<key>children</key>
			<array>
				<string>FF74FD1A19B9EBD9004C5CAC</string>
				<string>FF74FD1B19B9EBD9004C5CAC</string>
			</array>
			<key>isa</key>
			<string>PBXGroup</string>
			<key>name</key>
			<string>Supporting Files</string>
			<key>sourceTree</key>
			<string>&lt;group&gt;</string>
		</dict>
		<key>FF74FD1A19B9EBD9004C5CAC</key>
		<dict>
			<key>isa</key>
			<string>PBXFileReference</string>
			<key>lastKnownFileType</key>
			<string>text.plist.xml</string>
			<key>path</key>
			<string>InstaCollageTests-Info.plist</string>
			<key>sourceTree</key>
			<string>&lt;group&gt;</string>
		</dict>
		<key>FF74FD1B19B9EBD9004C5CAC</key>
		<dict>
			<key>children</key>
			<array>
				<string>FF74FD1C19B9EBD9004C5CAC</string>
			</array>
			<key>isa</key>
			<string>PBXVariantGroup</string>
			<key>name</key>
			<string>InfoPlist.strings</string>
			<key>sourceTree</key>
			<string>&lt;group&gt;</string>
		</dict>
		<key>FF74FD1C19B9EBD9004C5CAC</key>
		<dict>
			<key>isa</key>
			<string>PBXFileReference</string>
			<key>lastKnownFileType</key>
			<string>text.plist.strings</string>
			<key>name</key>
			<string>en</string>
			<key>path</key>
			<string>en.lproj/InfoPlist.strings</string>
			<key>sourceTree</key>
			<string>&lt;group&gt;</string>
		</dict>
		<key>FF74FD1D19B9EBD9004C5CAC</key>
		<dict>
			<key>fileRef</key>
			<string>FF74FD1B19B9EBD9004C5CAC</string>
			<key>isa</key>
			<string>PBXBuildFile</string>
		</dict>
		<key>FF74FD1E19B9EBD9004C5CAC</key>
		<dict>
			<key>isa</key>
			<string>PBXFileReference</string>
			<key>lastKnownFileType</key>
			<string>sourcecode.c.objc</string>
			<key>path</key>
			<string>InstaCollageTests.m</string>
			<key>sourceTree</key>
			<string>&lt;group&gt;</string>
		</dict>
		<key>FF74FD1F19B9EBD9004C5CAC</key>
		<dict>
			<key>fileRef</key>
			<string>FF74FD1E19B9EBD9004C5CAC</string>
			<key>isa</key>
			<string>PBXBuildFile</string>
		</dict>
		<key>FF74FD2019B9EBD9004C5CAC</key>
		<dict>
			<key>buildSettings</key>
			<dict>
				<key>ALWAYS_SEARCH_USER_PATHS</key>
				<string>NO</string>
				<key>CLANG_CXX_LANGUAGE_STANDARD</key>
				<string>gnu++0x</string>
				<key>CLANG_CXX_LIBRARY</key>
				<string>libc++</string>
				<key>CLANG_ENABLE_MODULES</key>
				<string>YES</string>
				<key>CLANG_ENABLE_OBJC_ARC</key>
				<string>YES</string>
				<key>CLANG_WARN_BOOL_CONVERSION</key>
				<string>YES</string>
				<key>CLANG_WARN_CONSTANT_CONVERSION</key>
				<string>YES</string>
				<key>CLANG_WARN_DIRECT_OBJC_ISA_USAGE</key>
				<string>YES_ERROR</string>
				<key>CLANG_WARN_EMPTY_BODY</key>
				<string>YES</string>
				<key>CLANG_WARN_ENUM_CONVERSION</key>
				<string>YES</string>
				<key>CLANG_WARN_INT_CONVERSION</key>
				<string>YES</string>
				<key>CLANG_WARN_OBJC_ROOT_CLASS</key>
				<string>YES_ERROR</string>
				<key>CLANG_WARN__DUPLICATE_METHOD_MATCH</key>
				<string>YES</string>
				<key>CODE_SIGN_IDENTITY[sdk=iphoneos*]</key>
				<string>iPhone Developer</string>
				<key>COPY_PHASE_STRIP</key>
				<string>NO</string>
				<key>GCC_C_LANGUAGE_STANDARD</key>
				<string>gnu99</string>
				<key>GCC_DYNAMIC_NO_PIC</key>
				<string>NO</string>
				<key>GCC_OPTIMIZATION_LEVEL</key>
				<string>0</string>
				<key>GCC_PREPROCESSOR_DEFINITIONS</key>
				<array>
					<string>DEBUG=1</string>
					<string>$(inherited)</string>
				</array>
				<key>GCC_SYMBOLS_PRIVATE_EXTERN</key>
				<string>NO</string>
				<key>GCC_WARN_64_TO_32_BIT_CONVERSION</key>
				<string>YES</string>
				<key>GCC_WARN_ABOUT_RETURN_TYPE</key>
				<string>YES_ERROR</string>
				<key>GCC_WARN_UNDECLARED_SELECTOR</key>
				<string>YES</string>
				<key>GCC_WARN_UNINITIALIZED_AUTOS</key>
				<string>YES_AGGRESSIVE</string>
				<key>GCC_WARN_UNUSED_FUNCTION</key>
				<string>YES</string>
				<key>GCC_WARN_UNUSED_VARIABLE</key>
				<string>YES</string>
				<key>IPHONEOS_DEPLOYMENT_TARGET</key>
				<string>7.1</string>
				<key>ONLY_ACTIVE_ARCH</key>
				<string>YES</string>
				<key>SDKROOT</key>
				<string>iphoneos</string>
			</dict>
			<key>isa</key>
			<string>XCBuildConfiguration</string>
			<key>name</key>
			<string>Debug</string>
		</dict>
		<key>FF74FD2119B9EBD9004C5CAC</key>
		<dict>
			<key>buildSettings</key>
			<dict>
				<key>ALWAYS_SEARCH_USER_PATHS</key>
				<string>NO</string>
				<key>CLANG_CXX_LANGUAGE_STANDARD</key>
				<string>gnu++0x</string>
				<key>CLANG_CXX_LIBRARY</key>
				<string>libc++</string>
				<key>CLANG_ENABLE_MODULES</key>
				<string>YES</string>
				<key>CLANG_ENABLE_OBJC_ARC</key>
				<string>YES</string>
				<key>CLANG_WARN_BOOL_CONVERSION</key>
				<string>YES</string>
				<key>CLANG_WARN_CONSTANT_CONVERSION</key>
				<string>YES</string>
				<key>CLANG_WARN_DIRECT_OBJC_ISA_USAGE</key>
				<string>YES_ERROR</string>
				<key>CLANG_WARN_EMPTY_BODY</key>
				<string>YES</string>
				<key>CLANG_WARN_ENUM_CONVERSION</key>
				<string>YES</string>
				<key>CLANG_WARN_INT_CONVERSION</key>
				<string>YES</string>
				<key>CLANG_WARN_OBJC_ROOT_CLASS</key>
				<string>YES_ERROR</string>
				<key>CLANG_WARN__DUPLICATE_METHOD_MATCH</key>
				<string>YES</string>
				<key>CODE_SIGN_IDENTITY[sdk=iphoneos*]</key>
				<string>iPhone Developer</string>
				<key>COPY_PHASE_STRIP</key>
				<string>YES</string>
				<key>ENABLE_NS_ASSERTIONS</key>
				<string>NO</string>
				<key>GCC_C_LANGUAGE_STANDARD</key>
				<string>gnu99</string>
				<key>GCC_WARN_64_TO_32_BIT_CONVERSION</key>
				<string>YES</string>
				<key>GCC_WARN_ABOUT_RETURN_TYPE</key>
				<string>YES_ERROR</string>
				<key>GCC_WARN_UNDECLARED_SELECTOR</key>
				<string>YES</string>
				<key>GCC_WARN_UNINITIALIZED_AUTOS</key>
				<string>YES_AGGRESSIVE</string>
				<key>GCC_WARN_UNUSED_FUNCTION</key>
				<string>YES</string>
				<key>GCC_WARN_UNUSED_VARIABLE</key>
				<string>YES</string>
				<key>IPHONEOS_DEPLOYMENT_TARGET</key>
				<string>7.1</string>
				<key>SDKROOT</key>
				<string>iphoneos</string>
				<key>VALIDATE_PRODUCT</key>
				<string>YES</string>
			</dict>
			<key>isa</key>
			<string>XCBuildConfiguration</string>
			<key>name</key>
			<string>Release</string>
		</dict>
		<key>FF74FD2219B9EBD9004C5CAC</key>
		<dict>
			<key>buildConfigurations</key>
			<array>
				<string>FF74FD2319B9EBD9004C5CAC</string>
				<string>FF74FD2419B9EBD9004C5CAC</string>
			</array>
			<key>defaultConfigurationIsVisible</key>
			<string>0</string>
			<key>defaultConfigurationName</key>
			<string>Release</string>
			<key>isa</key>
			<string>XCConfigurationList</string>
		</dict>
		<key>FF74FD2319B9EBD9004C5CAC</key>
		<dict>
			<key>baseConfigurationReference</key>
			<string>036A6A3C4EFA4E5FAB178ABC</string>
			<key>buildSettings</key>
			<dict>
				<key>ASSETCATALOG_COMPILER_APPICON_NAME</key>
				<string>AppIcon</string>
				<key>ASSETCATALOG_COMPILER_LAUNCHIMAGE_NAME</key>
				<string>LaunchImage</string>
				<key>GCC_PRECOMPILE_PREFIX_HEADER</key>
				<string>YES</string>
				<key>GCC_PREFIX_HEADER</key>
				<string>InstaCollage/InstaCollage-Prefix.pch</string>
				<key>INFOPLIST_FILE</key>
				<string>InstaCollage/InstaCollage-Info.plist</string>
				<key>PRODUCT_NAME</key>
				<string>$(TARGET_NAME)</string>
				<key>WRAPPER_EXTENSION</key>
				<string>app</string>
			</dict>
			<key>isa</key>
			<string>XCBuildConfiguration</string>
			<key>name</key>
			<string>Debug</string>
		</dict>
		<key>FF74FD2419B9EBD9004C5CAC</key>
		<dict>
			<key>baseConfigurationReference</key>
			<string>036A6A3C4EFA4E5FAB178ABC</string>
			<key>buildSettings</key>
			<dict>
				<key>ASSETCATALOG_COMPILER_APPICON_NAME</key>
				<string>AppIcon</string>
				<key>ASSETCATALOG_COMPILER_LAUNCHIMAGE_NAME</key>
				<string>LaunchImage</string>
				<key>GCC_PRECOMPILE_PREFIX_HEADER</key>
				<string>YES</string>
				<key>GCC_PREFIX_HEADER</key>
				<string>InstaCollage/InstaCollage-Prefix.pch</string>
				<key>INFOPLIST_FILE</key>
				<string>InstaCollage/InstaCollage-Info.plist</string>
				<key>PRODUCT_NAME</key>
				<string>$(TARGET_NAME)</string>
				<key>WRAPPER_EXTENSION</key>
				<string>app</string>
			</dict>
			<key>isa</key>
			<string>XCBuildConfiguration</string>
			<key>name</key>
			<string>Release</string>
		</dict>
		<key>FF74FD2519B9EBD9004C5CAC</key>
		<dict>
			<key>buildConfigurations</key>
			<array>
				<string>FF74FD2619B9EBD9004C5CAC</string>
				<string>FF74FD2719B9EBD9004C5CAC</string>
			</array>
			<key>defaultConfigurationIsVisible</key>
			<string>0</string>
			<key>defaultConfigurationName</key>
			<string>Release</string>
			<key>isa</key>
			<string>XCConfigurationList</string>
		</dict>
		<key>FF74FD2619B9EBD9004C5CAC</key>
		<dict>
			<key>baseConfigurationReference</key>
			<string>CC797E450FF14C529B8CC141</string>
			<key>buildSettings</key>
			<dict>
				<key>BUNDLE_LOADER</key>
				<string>$(BUILT_PRODUCTS_DIR)/InstaCollage.app/InstaCollage</string>
				<key>FRAMEWORK_SEARCH_PATHS</key>
				<array>
					<string>$(SDKROOT)/Developer/Library/Frameworks</string>
					<string>$(inherited)</string>
					<string>$(DEVELOPER_FRAMEWORKS_DIR)</string>
				</array>
				<key>GCC_PRECOMPILE_PREFIX_HEADER</key>
				<string>YES</string>
				<key>GCC_PREFIX_HEADER</key>
				<string>InstaCollage/InstaCollage-Prefix.pch</string>
				<key>GCC_PREPROCESSOR_DEFINITIONS</key>
				<array>
					<string>DEBUG=1</string>
					<string>$(inherited)</string>
				</array>
				<key>INFOPLIST_FILE</key>
				<string>InstaCollageTests/InstaCollageTests-Info.plist</string>
				<key>PRODUCT_NAME</key>
				<string>$(TARGET_NAME)</string>
				<key>TEST_HOST</key>
				<string>$(BUNDLE_LOADER)</string>
				<key>WRAPPER_EXTENSION</key>
				<string>xctest</string>
			</dict>
			<key>isa</key>
			<string>XCBuildConfiguration</string>
			<key>name</key>
			<string>Debug</string>
		</dict>
		<key>FF74FD2719B9EBD9004C5CAC</key>
		<dict>
			<key>baseConfigurationReference</key>
			<string>CC797E450FF14C529B8CC141</string>
			<key>buildSettings</key>
			<dict>
				<key>BUNDLE_LOADER</key>
				<string>$(BUILT_PRODUCTS_DIR)/InstaCollage.app/InstaCollage</string>
				<key>FRAMEWORK_SEARCH_PATHS</key>
				<array>
					<string>$(SDKROOT)/Developer/Library/Frameworks</string>
					<string>$(inherited)</string>
					<string>$(DEVELOPER_FRAMEWORKS_DIR)</string>
				</array>
				<key>GCC_PRECOMPILE_PREFIX_HEADER</key>
				<string>YES</string>
				<key>GCC_PREFIX_HEADER</key>
				<string>InstaCollage/InstaCollage-Prefix.pch</string>
				<key>INFOPLIST_FILE</key>
				<string>InstaCollageTests/InstaCollageTests-Info.plist</string>
				<key>PRODUCT_NAME</key>
				<string>$(TARGET_NAME)</string>
				<key>TEST_HOST</key>
				<string>$(BUNDLE_LOADER)</string>
				<key>WRAPPER_EXTENSION</key>
				<string>xctest</string>
			</dict>
			<key>isa</key>
			<string>XCBuildConfiguration</string>
			<key>name</key>
			<string>Release</string>
		</dict>
		<key>FFA610FF19B9F1BD0082C296</key>
		<dict>
			<key>children</key>
			<array>
				<string>FFA6110019B9F1DC0082C296</string>
				<string>FFA6110119B9F1DC0082C296</string>
				<string>FF5555B619BBCF76001DB3F9</string>
				<string>FF5555B719BBCF76001DB3F9</string>
				<string>FF5555B919BBD259001DB3F9</string>
				<string>FF5555BA19BBD25A001DB3F9</string>
				<string>FF5555BC19BBE46D001DB3F9</string>
				<string>FF5555BD19BBE46D001DB3F9</string>
				<string>FF5555BF19BBE9EA001DB3F9</string>
				<string>FF5555C019BBE9EA001DB3F9</string>
				<string>FF5555C219BBEAE5001DB3F9</string>
				<string>FF5555C319BBEAE5001DB3F9</string>
				<string>FF5555C519BBF6EE001DB3F9</string>
				<string>FF5555C619BBF6EE001DB3F9</string>
				<string>FF5555C819BBF8E3001DB3F9</string>
				<string>FF5555C919BBF8E3001DB3F9</string>
			</array>
			<key>isa</key>
			<string>PBXGroup</string>
			<key>name</key>
			<string>Models</string>
			<key>sourceTree</key>
			<string>&lt;group&gt;</string>
		</dict>
		<key>FFA6110019B9F1DC0082C296</key>
		<dict>
			<key>fileEncoding</key>
			<string>4</string>
			<key>isa</key>
			<string>PBXFileReference</string>
			<key>lastKnownFileType</key>
			<string>sourcecode.c.h</string>
			<key>path</key>
			<string>KMPhoto.h</string>
			<key>sourceTree</key>
			<string>&lt;group&gt;</string>
		</dict>
		<key>FFA6110119B9F1DC0082C296</key>
		<dict>
			<key>fileEncoding</key>
			<string>4</string>
			<key>isa</key>
			<string>PBXFileReference</string>
			<key>lastKnownFileType</key>
			<string>sourcecode.c.objc</string>
			<key>path</key>
			<string>KMPhoto.m</string>
			<key>sourceTree</key>
			<string>&lt;group&gt;</string>
		</dict>
		<key>FFA6110219B9F1DC0082C296</key>
		<dict>
			<key>fileRef</key>
			<string>FFA6110119B9F1DC0082C296</string>
			<key>isa</key>
			<string>PBXBuildFile</string>
		</dict>
		<key>FFA6110319B9F31D0082C296</key>
		<dict>
			<key>children</key>
			<array>
				<string>FFA6110419B9F34E0082C296</string>
				<string>FFA6110519B9F34E0082C296</string>
			</array>
			<key>isa</key>
			<string>PBXGroup</string>
			<key>name</key>
			<string>Managers</string>
			<key>sourceTree</key>
			<string>&lt;group&gt;</string>
		</dict>
		<key>FFA6110419B9F34E0082C296</key>
		<dict>
			<key>fileEncoding</key>
			<string>4</string>
			<key>isa</key>
			<string>PBXFileReference</string>
			<key>lastKnownFileType</key>
			<string>sourcecode.c.h</string>
			<key>path</key>
			<string>KMInstagramManager.h</string>
			<key>sourceTree</key>
			<string>&lt;group&gt;</string>
		</dict>
		<key>FFA6110519B9F34E0082C296</key>
		<dict>
			<key>fileEncoding</key>
			<string>4</string>
			<key>isa</key>
			<string>PBXFileReference</string>
			<key>lastKnownFileType</key>
			<string>sourcecode.c.objc</string>
			<key>path</key>
			<string>KMInstagramManager.m</string>
			<key>sourceTree</key>
			<string>&lt;group&gt;</string>
		</dict>
		<key>FFA6110619B9F34E0082C296</key>
		<dict>
			<key>fileRef</key>
			<string>FFA6110519B9F34E0082C296</string>
			<key>isa</key>
			<string>PBXBuildFile</string>
		</dict>
		<key>FFD2A13619BA066200585C15</key>
		<dict>
			<key>fileEncoding</key>
			<string>4</string>
			<key>isa</key>
			<string>PBXFileReference</string>
			<key>lastKnownFileType</key>
			<string>sourcecode.c.h</string>
			<key>path</key>
			<string>KMPickerViewController.h</string>
			<key>sourceTree</key>
			<string>&lt;group&gt;</string>
		</dict>
		<key>FFD2A13719BA066200585C15</key>
		<dict>
			<key>fileEncoding</key>
			<string>4</string>
			<key>isa</key>
			<string>PBXFileReference</string>
			<key>lastKnownFileType</key>
			<string>sourcecode.c.objc</string>
			<key>path</key>
			<string>KMPickerViewController.m</string>
			<key>sourceTree</key>
			<string>&lt;group&gt;</string>
		</dict>
		<key>FFD2A13819BA066200585C15</key>
		<dict>
			<key>fileRef</key>
			<string>FFD2A13719BA066200585C15</string>
			<key>isa</key>
			<string>PBXBuildFile</string>
		</dict>
		<key>FFD2A13919BA081B00585C15</key>
		<dict>
			<key>children</key>
			<array>
				<string>FFD2A13619BA066200585C15</string>
				<string>FFD2A13719BA066200585C15</string>
				<string>FF74FD0819B9EBD9004C5CAC</string>
				<string>FF74FD0919B9EBD9004C5CAC</string>
				<string>FF74FD0519B9EBD9004C5CAC</string>
				<string>FFD2A14419BA3E7500585C15</string>
				<string>FFD2A14519BA3E7500585C15</string>
			</array>
			<key>isa</key>
			<string>PBXGroup</string>
			<key>name</key>
			<string>Controllers</string>
			<key>sourceTree</key>
			<string>&lt;group&gt;</string>
		</dict>
		<key>FFD2A13A19BA1ACF00585C15</key>
		<dict>
			<key>fileEncoding</key>
			<string>4</string>
			<key>isa</key>
			<string>PBXFileReference</string>
			<key>lastKnownFileType</key>
			<string>sourcecode.c.h</string>
			<key>path</key>
			<string>KMPhotoCell.h</string>
			<key>sourceTree</key>
			<string>&lt;group&gt;</string>
		</dict>
		<key>FFD2A13B19BA1ACF00585C15</key>
		<dict>
			<key>fileEncoding</key>
			<string>4</string>
			<key>isa</key>
			<string>PBXFileReference</string>
			<key>lastKnownFileType</key>
			<string>sourcecode.c.objc</string>
			<key>path</key>
			<string>KMPhotoCell.m</string>
			<key>sourceTree</key>
			<string>&lt;group&gt;</string>
		</dict>
		<key>FFD2A13C19BA1ACF00585C15</key>
		<dict>
			<key>fileRef</key>
			<string>FFD2A13B19BA1ACF00585C15</string>
			<key>isa</key>
			<string>PBXBuildFile</string>
		</dict>
		<key>FFD2A13D19BA1AD200585C15</key>
		<dict>
			<key>children</key>
			<array>
				<string>FFD2A13A19BA1ACF00585C15</string>
				<string>FFD2A13B19BA1ACF00585C15</string>
			</array>
			<key>isa</key>
			<string>PBXGroup</string>
			<key>name</key>
			<string>Cells</string>
			<key>sourceTree</key>
			<string>&lt;group&gt;</string>
		</dict>
		<key>FFD2A14219BA2BE600585C15</key>
		<dict>
			<key>isa</key>
			<string>PBXFileReference</string>
			<key>lastKnownFileType</key>
			<string>image.png</string>
			<key>path</key>
			<string>check@2x.png</string>
			<key>sourceTree</key>
			<string>&lt;group&gt;</string>
		</dict>
		<key>FFD2A14319BA2BE600585C15</key>
		<dict>
			<key>fileRef</key>
			<string>FFD2A14219BA2BE600585C15</string>
			<key>isa</key>
			<string>PBXBuildFile</string>
		</dict>
		<key>FFD2A14419BA3E7500585C15</key>
		<dict>
			<key>fileEncoding</key>
			<string>4</string>
			<key>isa</key>
			<string>PBXFileReference</string>
			<key>lastKnownFileType</key>
			<string>sourcecode.c.h</string>
			<key>path</key>
			<string>KMCollageViewControler.h</string>
			<key>sourceTree</key>
			<string>&lt;group&gt;</string>
		</dict>
		<key>FFD2A14519BA3E7500585C15</key>
		<dict>
			<key>fileEncoding</key>
			<string>4</string>
			<key>isa</key>
			<string>PBXFileReference</string>
			<key>lastKnownFileType</key>
			<string>sourcecode.c.objc</string>
			<key>path</key>
			<string>KMCollageViewControler.m</string>
			<key>sourceTree</key>
			<string>&lt;group&gt;</string>
		</dict>
		<key>FFD2A14619BA3E7500585C15</key>
		<dict>
			<key>fileRef</key>
			<string>FFD2A14519BA3E7500585C15</string>
			<key>isa</key>
			<string>PBXBuildFile</string>
		</dict>
	</dict>
	<key>rootObject</key>
	<string>FF74FCE819B9EBD9004C5CAC</string>
</dict>
</plist>
